
Microsoft Visual Studio Solution File, Format Version 12.00
# Visual Studio Version 16
VisualStudioVersion = 16.0.32901.82
MinimumVisualStudioVersion = 10.0.40219.1
Project("{FAE04EC0-301F-11D3-BF4B-00C04F79EFBC}") = "arcadian exam", "arcadian exam\arcadian exam.csproj", "{8958B8DA-1CC2-4F17-9635-103F5C745AC7}"
EndProject
Global
	GlobalSection(SolutionConfigurationPlatforms) = preSolution
		Debug|Any CPU = Debug|Any CPU
		Release|Any CPU = Release|Any CPU
	EndGlobalSection
	GlobalSection(ProjectConfigurationPlatforms) = postSolution
		{8958B8DA-1CC2-4F17-9635-103F5C745AC7}.Debug|Any CPU.ActiveCfg = Debug|Any CPU
		{8958B8DA-1CC2-4F17-9635-103F5C745AC7}.Debug|Any CPU.Build.0 = Debug|Any CPU
		{8958B8DA-1CC2-4F17-9635-103F5C745AC7}.Release|Any CPU.ActiveCfg = Release|Any CPU
		{8958B8DA-1CC2-4F17-9635-103F5C745AC7}.Release|Any CPU.Build.0 = Release|Any CPU
	EndGlobalSection
	GlobalSection(SolutionProperties) = preSolution
		HideSolutionNode = FALSE
	EndGlobalSection
	GlobalSection(ExtensibilityGlobals) = postSolution
		SolutionGuid = {F91FE7B1-5ACA-442C-BAD9-7B27C2165720}
	EndGlobalSection
EndGlobal
